{
  "version": 4,
  "terraform_version": "1.7.4",
  "serial": 96,
  "lineage": "962ee4c6-9126-62c8-729c-5a0b881e0eb6",
  "outputs": {},
  "resources": [
    {
      "mode": "managed",
      "type": "aws_api_gateway_authorizer",
      "name": "api_authorizer",
      "provider": "provider[\"registry.terraform.io/hashicorp/aws\"]",
      "instances": [
        {
          "schema_version": 0,
          "attributes": {
            "arn": "arn:aws:apigateway:us-west-2::/restapis/o2gn26hfk8/authorizers/59lmr6",
            "authorizer_credentials": "",
            "authorizer_result_ttl_in_seconds": 300,
            "authorizer_uri": "",
            "id": "59lmr6",
            "identity_source": "method.request.header.Authorization",
            "identity_validation_expression": "",
            "name": "CognitoUserPoolAuthorizer",
            "provider_arns": [
              "arn:aws:cognito-idp:us-west-2:548036903234:userpool/us-west-2_xr4Vejjk2"
            ],
            "rest_api_id": "o2gn26hfk8",
            "type": "COGNITO_USER_POOLS"
          },
          "sensitive_attributes": [],
          "private": "bnVsbA==",
          "dependencies": [
            "aws_api_gateway_rest_api.lanchonete_rest_api",
            "aws_cognito_user_pool.lanchonete_user_pool"
          ],
          "create_before_destroy": true
        }
      ]
    },
    {
      "mode": "managed",
      "type": "aws_api_gateway_deployment",
      "name": "deploy",
      "provider": "provider[\"registry.terraform.io/hashicorp/aws\"]",
      "instances": [
        {
          "schema_version": 0,
          "attributes": {
            "created_date": "2024-03-14T21:07:47Z",
            "description": "",
            "execution_arn": "arn:aws:execute-api:us-west-2:548036903234:o2gn26hfk8/",
            "id": "ciq7cy",
            "invoke_url": "https://o2gn26hfk8.execute-api.us-west-2.amazonaws.com/",
            "rest_api_id": "o2gn26hfk8",
            "stage_description": null,
            "stage_name": null,
            "triggers": {
              "redeployment": "c2541a44efd68c125c75fa6aa5e5a0df97ceacd3"
            },
            "variables": null
          },
          "sensitive_attributes": [],
          "private": "bnVsbA==",
          "dependencies": [
            "aws_api_gateway_authorizer.api_authorizer",
            "aws_api_gateway_integration.lanchonete_integration_delete",
            "aws_api_gateway_integration.lanchonete_integration_get",
            "aws_api_gateway_integration.lanchonete_integration_post",
            "aws_api_gateway_integration.lanchonete_integration_put",
            "aws_api_gateway_method.lanchonete_api_delete",
            "aws_api_gateway_method.lanchonete_api_get",
            "aws_api_gateway_method.lanchonete_api_post",
            "aws_api_gateway_method.lanchonete_api_put",
            "aws_api_gateway_resource.lanchonete_api_resource",
            "aws_api_gateway_rest_api.lanchonete_rest_api",
            "aws_cognito_user_pool.lanchonete_user_pool"
          ],
          "create_before_destroy": true
        }
      ]
    },
    {
      "mode": "managed",
      "type": "aws_api_gateway_integration",
      "name": "lanchonete_integration_delete",
      "provider": "provider[\"registry.terraform.io/hashicorp/aws\"]",
      "instances": [
        {
          "schema_version": 0,
          "attributes": {
            "cache_key_parameters": [
              "method.request.path.proxy"
            ],
            "cache_namespace": "qliskc",
            "connection_id": "",
            "connection_type": "INTERNET",
            "content_handling": "",
            "credentials": "",
            "http_method": "DELETE",
            "id": "agi-o2gn26hfk8-qliskc-DELETE",
            "integration_http_method": "DELETE",
            "passthrough_behavior": "WHEN_NO_MATCH",
            "request_parameters": {
              "integration.request.path.proxy": "method.request.path.proxy"
            },
            "request_templates": {},
            "resource_id": "qliskc",
            "rest_api_id": "o2gn26hfk8",
            "timeout_milliseconds": 29000,
            "tls_config": [],
            "type": "HTTP_PROXY",
            "uri": "https://httpbin.org/anything/{proxy}"
          },
          "sensitive_attributes": [],
          "private": "bnVsbA==",
          "dependencies": [
            "aws_api_gateway_authorizer.api_authorizer",
            "aws_api_gateway_method.lanchonete_api_delete",
            "aws_api_gateway_resource.lanchonete_api_resource",
            "aws_api_gateway_rest_api.lanchonete_rest_api",
            "aws_cognito_user_pool.lanchonete_user_pool"
          ],
          "create_before_destroy": true
        }
      ]
    },
    {
      "mode": "managed",
      "type": "aws_api_gateway_integration",
      "name": "lanchonete_integration_get",
      "provider": "provider[\"registry.terraform.io/hashicorp/aws\"]",
      "instances": [
        {
          "schema_version": 0,
          "attributes": {
            "cache_key_parameters": [
              "method.request.path.proxy"
            ],
            "cache_namespace": "qliskc",
            "connection_id": "",
            "connection_type": "INTERNET",
            "content_handling": "",
            "credentials": "",
            "http_method": "GET",
            "id": "agi-o2gn26hfk8-qliskc-GET",
            "integration_http_method": "GET",
            "passthrough_behavior": "WHEN_NO_MATCH",
            "request_parameters": {
              "integration.request.path.proxy": "method.request.path.proxy"
            },
            "request_templates": {},
            "resource_id": "qliskc",
            "rest_api_id": "o2gn26hfk8",
            "timeout_milliseconds": 29000,
            "tls_config": [],
            "type": "HTTP_PROXY",
            "uri": "https://httpbin.org/anything/{proxy}"
          },
          "sensitive_attributes": [],
          "private": "bnVsbA==",
          "dependencies": [
            "aws_api_gateway_authorizer.api_authorizer",
            "aws_api_gateway_method.lanchonete_api_get",
            "aws_api_gateway_resource.lanchonete_api_resource",
            "aws_api_gateway_rest_api.lanchonete_rest_api",
            "aws_cognito_user_pool.lanchonete_user_pool"
          ],
          "create_before_destroy": true
        }
      ]
    },
    {
      "mode": "managed",
      "type": "aws_api_gateway_integration",
      "name": "lanchonete_integration_post",
      "provider": "provider[\"registry.terraform.io/hashicorp/aws\"]",
      "instances": [
        {
          "schema_version": 0,
          "attributes": {
            "cache_key_parameters": [
              "method.request.path.proxy"
            ],
            "cache_namespace": "qliskc",
            "connection_id": "",
            "connection_type": "INTERNET",
            "content_handling": "",
            "credentials": "",
            "http_method": "POST",
            "id": "agi-o2gn26hfk8-qliskc-POST",
            "integration_http_method": "POST",
            "passthrough_behavior": "WHEN_NO_MATCH",
            "request_parameters": {
              "integration.request.path.proxy": "method.request.path.proxy"
            },
            "request_templates": {},
            "resource_id": "qliskc",
            "rest_api_id": "o2gn26hfk8",
            "timeout_milliseconds": 29000,
            "tls_config": [],
            "type": "HTTP_PROXY",
            "uri": "https://httpbin.org/anything/{proxy}"
          },
          "sensitive_attributes": [],
          "private": "bnVsbA==",
          "dependencies": [
            "aws_api_gateway_authorizer.api_authorizer",
            "aws_api_gateway_method.lanchonete_api_post",
            "aws_api_gateway_resource.lanchonete_api_resource",
            "aws_api_gateway_rest_api.lanchonete_rest_api",
            "aws_cognito_user_pool.lanchonete_user_pool"
          ],
          "create_before_destroy": true
        }
      ]
    },
    {
      "mode": "managed",
      "type": "aws_api_gateway_integration",
      "name": "lanchonete_integration_put",
      "provider": "provider[\"registry.terraform.io/hashicorp/aws\"]",
      "instances": [
        {
          "schema_version": 0,
          "attributes": {
            "cache_key_parameters": [
              "method.request.path.proxy"
            ],
            "cache_namespace": "qliskc",
            "connection_id": "",
            "connection_type": "INTERNET",
            "content_handling": "",
            "credentials": "",
            "http_method": "PUT",
            "id": "agi-o2gn26hfk8-qliskc-PUT",
            "integration_http_method": "PUT",
            "passthrough_behavior": "WHEN_NO_MATCH",
            "request_parameters": {
              "integration.request.path.proxy": "method.request.path.proxy"
            },
            "request_templates": {},
            "resource_id": "qliskc",
            "rest_api_id": "o2gn26hfk8",
            "timeout_milliseconds": 29000,
            "tls_config": [],
            "type": "HTTP_PROXY",
            "uri": "https://httpbin.org/anything/{proxy}"
          },
          "sensitive_attributes": [],
          "private": "bnVsbA==",
          "dependencies": [
            "aws_api_gateway_authorizer.api_authorizer",
            "aws_api_gateway_method.lanchonete_api_put",
            "aws_api_gateway_resource.lanchonete_api_resource",
            "aws_api_gateway_rest_api.lanchonete_rest_api",
            "aws_cognito_user_pool.lanchonete_user_pool"
          ],
          "create_before_destroy": true
        }
      ]
    },
    {
      "mode": "managed",
      "type": "aws_api_gateway_method",
      "name": "lanchonete_api_delete",
      "provider": "provider[\"registry.terraform.io/hashicorp/aws\"]",
      "instances": [
        {
          "schema_version": 0,
          "attributes": {
            "api_key_required": false,
            "authorization": "COGNITO_USER_POOLS",
            "authorization_scopes": [],
            "authorizer_id": "59lmr6",
            "http_method": "DELETE",
            "id": "agm-o2gn26hfk8-qliskc-DELETE",
            "operation_name": "",
            "request_models": {},
            "request_parameters": {
              "method.request.path.proxy": true
            },
            "request_validator_id": "",
            "resource_id": "qliskc",
            "rest_api_id": "o2gn26hfk8"
          },
          "sensitive_attributes": [],
          "private": "bnVsbA==",
          "dependencies": [
            "aws_api_gateway_authorizer.api_authorizer",
            "aws_api_gateway_resource.lanchonete_api_resource",
            "aws_api_gateway_rest_api.lanchonete_rest_api",
            "aws_cognito_user_pool.lanchonete_user_pool"
          ],
          "create_before_destroy": true
        }
      ]
    },
    {
      "mode": "managed",
      "type": "aws_api_gateway_method",
      "name": "lanchonete_api_get",
      "provider": "provider[\"registry.terraform.io/hashicorp/aws\"]",
      "instances": [
        {
          "schema_version": 0,
          "attributes": {
            "api_key_required": false,
            "authorization": "COGNITO_USER_POOLS",
            "authorization_scopes": [],
            "authorizer_id": "59lmr6",
            "http_method": "GET",
            "id": "agm-o2gn26hfk8-qliskc-GET",
            "operation_name": "",
            "request_models": {},
            "request_parameters": {
              "method.request.path.proxy": true
            },
            "request_validator_id": "",
            "resource_id": "qliskc",
            "rest_api_id": "o2gn26hfk8"
          },
          "sensitive_attributes": [],
          "private": "bnVsbA==",
          "dependencies": [
            "aws_api_gateway_authorizer.api_authorizer",
            "aws_api_gateway_resource.lanchonete_api_resource",
            "aws_api_gateway_rest_api.lanchonete_rest_api",
            "aws_cognito_user_pool.lanchonete_user_pool"
          ],
          "create_before_destroy": true
        }
      ]
    },
    {
      "mode": "managed",
      "type": "aws_api_gateway_method",
      "name": "lanchonete_api_post",
      "provider": "provider[\"registry.terraform.io/hashicorp/aws\"]",
      "instances": [
        {
          "schema_version": 0,
          "attributes": {
            "api_key_required": false,
            "authorization": "COGNITO_USER_POOLS",
            "authorization_scopes": [],
            "authorizer_id": "59lmr6",
            "http_method": "POST",
            "id": "agm-o2gn26hfk8-qliskc-POST",
            "operation_name": "",
            "request_models": {},
            "request_parameters": {
              "method.request.path.proxy": true
            },
            "request_validator_id": "",
            "resource_id": "qliskc",
            "rest_api_id": "o2gn26hfk8"
          },
          "sensitive_attributes": [],
          "private": "bnVsbA==",
          "dependencies": [
            "aws_api_gateway_authorizer.api_authorizer",
            "aws_api_gateway_resource.lanchonete_api_resource",
            "aws_api_gateway_rest_api.lanchonete_rest_api",
            "aws_cognito_user_pool.lanchonete_user_pool"
          ],
          "create_before_destroy": true
        }
      ]
    },
    {
      "mode": "managed",
      "type": "aws_api_gateway_method",
      "name": "lanchonete_api_put",
      "provider": "provider[\"registry.terraform.io/hashicorp/aws\"]",
      "instances": [
        {
          "schema_version": 0,
          "attributes": {
            "api_key_required": false,
            "authorization": "COGNITO_USER_POOLS",
            "authorization_scopes": [],
            "authorizer_id": "59lmr6",
            "http_method": "PUT",
            "id": "agm-o2gn26hfk8-qliskc-PUT",
            "operation_name": "",
            "request_models": {},
            "request_parameters": {
              "method.request.path.proxy": true
            },
            "request_validator_id": "",
            "resource_id": "qliskc",
            "rest_api_id": "o2gn26hfk8"
          },
          "sensitive_attributes": [],
          "private": "bnVsbA==",
          "dependencies": [
            "aws_api_gateway_authorizer.api_authorizer",
            "aws_api_gateway_resource.lanchonete_api_resource",
            "aws_api_gateway_rest_api.lanchonete_rest_api",
            "aws_cognito_user_pool.lanchonete_user_pool"
          ],
          "create_before_destroy": true
        }
      ]
    },
    {
      "mode": "managed",
      "type": "aws_api_gateway_resource",
      "name": "lanchonete_api_resource",
      "provider": "provider[\"registry.terraform.io/hashicorp/aws\"]",
      "instances": [
        {
          "schema_version": 0,
          "attributes": {
            "id": "qliskc",
            "parent_id": "asq4ifqbka",
            "path": "/{proxy+}",
            "path_part": "{proxy+}",
            "rest_api_id": "o2gn26hfk8"
          },
          "sensitive_attributes": [],
          "private": "bnVsbA==",
          "dependencies": [
            "aws_api_gateway_rest_api.lanchonete_rest_api"
          ],
          "create_before_destroy": true
        }
      ]
    },
    {
      "mode": "managed",
      "type": "aws_api_gateway_rest_api",
      "name": "lanchonete_rest_api",
      "provider": "provider[\"registry.terraform.io/hashicorp/aws\"]",
      "instances": [
        {
          "schema_version": 0,
          "attributes": {
            "api_key_source": "HEADER",
            "arn": "arn:aws:apigateway:us-west-2::/restapis/o2gn26hfk8",
            "binary_media_types": [],
            "body": null,
            "created_date": "2024-03-14T20:46:55Z",
            "description": "This is my API for demonstration purposes",
            "disable_execute_api_endpoint": false,
            "endpoint_configuration": [
              {
                "types": [
                  "EDGE"
                ],
                "vpc_endpoint_ids": []
              }
            ],
            "execution_arn": "arn:aws:execute-api:us-west-2:548036903234:o2gn26hfk8",
            "fail_on_warnings": null,
            "id": "o2gn26hfk8",
            "minimum_compression_size": -1,
            "name": "lanchonete_rest_api",
            "parameters": null,
            "policy": "",
            "put_rest_api_mode": null,
            "root_resource_id": "asq4ifqbka",
            "tags": {},
            "tags_all": {}
          },
          "sensitive_attributes": [],
          "private": "bnVsbA==",
          "create_before_destroy": true
        }
      ]
    },
    {
      "mode": "managed",
      "type": "aws_api_gateway_stage",
      "name": "stage",
      "provider": "provider[\"registry.terraform.io/hashicorp/aws\"]",
      "instances": [
        {
          "schema_version": 0,
          "attributes": {
            "access_log_settings": [],
            "arn": "arn:aws:apigateway:us-west-2::/restapis/o2gn26hfk8/stages/test",
            "cache_cluster_enabled": false,
            "cache_cluster_size": "",
            "canary_settings": [],
            "client_certificate_id": "",
            "deployment_id": "ciq7cy",
            "description": "",
            "documentation_version": "",
            "execution_arn": "arn:aws:execute-api:us-west-2:548036903234:o2gn26hfk8/test",
            "id": "ags-o2gn26hfk8-test",
            "invoke_url": "https://o2gn26hfk8.execute-api.us-west-2.amazonaws.com/test",
            "rest_api_id": "o2gn26hfk8",
            "stage_name": "test",
            "tags": {},
            "tags_all": {},
            "variables": {},
            "web_acl_arn": "",
            "xray_tracing_enabled": false
          },
          "sensitive_attributes": [],
          "private": "bnVsbA==",
          "dependencies": [
            "aws_api_gateway_authorizer.api_authorizer",
            "aws_api_gateway_deployment.deploy",
            "aws_api_gateway_integration.lanchonete_integration_delete",
            "aws_api_gateway_integration.lanchonete_integration_get",
            "aws_api_gateway_integration.lanchonete_integration_post",
            "aws_api_gateway_integration.lanchonete_integration_put",
            "aws_api_gateway_method.lanchonete_api_delete",
            "aws_api_gateway_method.lanchonete_api_get",
            "aws_api_gateway_method.lanchonete_api_post",
            "aws_api_gateway_method.lanchonete_api_put",
            "aws_api_gateway_resource.lanchonete_api_resource",
            "aws_api_gateway_rest_api.lanchonete_rest_api",
            "aws_cognito_user_pool.lanchonete_user_pool"
          ]
        }
      ]
    },
    {
      "mode": "managed",
      "type": "aws_cognito_user_pool",
      "name": "lanchonete_user_pool",
      "provider": "provider[\"registry.terraform.io/hashicorp/aws\"]",
      "instances": [
        {
          "schema_version": 0,
          "attributes": {
            "account_recovery_setting": [
              {
                "recovery_mechanism": [
                  {
                    "name": "verified_email",
                    "priority": 1
                  },
                  {
                    "name": "verified_phone_number",
                    "priority": 2
                  }
                ]
              }
            ],
            "admin_create_user_config": [
              {
                "allow_admin_create_user_only": false,
                "invite_message_template": []
              }
            ],
            "alias_attributes": null,
            "arn": "arn:aws:cognito-idp:us-west-2:548036903234:userpool/us-west-2_xr4Vejjk2",
            "auto_verified_attributes": [],
            "creation_date": "2024-03-13T21:14:14Z",
            "custom_domain": "",
            "deletion_protection": "INACTIVE",
            "device_configuration": [],
            "domain": "",
            "email_configuration": [
              {
                "configuration_set": "",
                "email_sending_account": "COGNITO_DEFAULT",
                "from_email_address": "",
                "reply_to_email_address": "",
                "source_arn": ""
              }
            ],
            "email_verification_message": "",
            "email_verification_subject": "",
            "endpoint": "cognito-idp.us-west-2.amazonaws.com/us-west-2_xr4Vejjk2",
            "estimated_number_of_users": 1,
            "id": "us-west-2_xr4Vejjk2",
            "lambda_config": [],
            "last_modified_date": "2024-03-14T21:17:52Z",
            "mfa_configuration": "OFF",
            "name": "lanchoneteUserPool",
            "password_policy": [
              {
                "minimum_length": 6,
                "require_lowercase": true,
                "require_numbers": true,
                "require_symbols": false,
                "require_uppercase": false,
                "temporary_password_validity_days": 7
              }
            ],
            "schema": [
              {
                "attribute_data_type": "String",
                "developer_only_attribute": false,
                "mutable": true,
                "name": "email",
                "number_attribute_constraints": [],
                "required": true,
                "string_attribute_constraints": [
                  {
                    "max_length": "128",
                    "min_length": "8"
                  }
                ]
              },
              {
                "attribute_data_type": "String",
                "developer_only_attribute": false,
                "mutable": true,
                "name": "name",
                "number_attribute_constraints": [],
                "required": true,
                "string_attribute_constraints": [
                  {
                    "max_length": "256",
                    "min_length": "3"
                  }
                ]
              }
            ],
            "sms_authentication_message": "",
            "sms_configuration": [],
            "sms_verification_message": "",
            "software_token_mfa_configuration": [],
            "tags": {},
            "tags_all": {},
            "user_attribute_update_settings": [],
            "user_pool_add_ons": [],
            "username_attributes": [
              "email"
            ],
            "username_configuration": [
              {
                "case_sensitive": false
              }
            ],
            "verification_message_template": [
              {
                "default_email_option": "CONFIRM_WITH_CODE",
                "email_message": "",
                "email_message_by_link": "",
                "email_subject": "",
                "email_subject_by_link": "",
                "sms_message": ""
              }
            ]
          },
          "sensitive_attributes": [],
          "private": "bnVsbA=="
        }
      ]
    },
    {
      "mode": "managed",
      "type": "aws_cognito_user_pool_client",
      "name": "lanchonete_user_pool_client",
      "provider": "provider[\"registry.terraform.io/hashicorp/aws\"]",
      "instances": [
        {
          "schema_version": 0,
          "attributes": {
            "access_token_validity": 0,
            "allowed_oauth_flows": [],
            "allowed_oauth_flows_user_pool_client": false,
            "allowed_oauth_scopes": [],
            "analytics_configuration": [],
            "auth_session_validity": 3,
            "callback_urls": [],
            "client_secret": "",
            "default_redirect_uri": "",
            "enable_propagate_additional_user_context_data": false,
            "enable_token_revocation": true,
            "explicit_auth_flows": [
              "ALLOW_REFRESH_TOKEN_AUTH",
              "ALLOW_USER_PASSWORD_AUTH"
            ],
            "generate_secret": false,
            "id": "50rl352fl8eh5m81brkl2scie5",
            "id_token_validity": 0,
            "logout_urls": [],
            "name": "lanchoneteUserPoolClient",
            "prevent_user_existence_errors": "",
            "read_attributes": [],
            "refresh_token_validity": 30,
            "supported_identity_providers": [],
            "token_validity_units": [],
            "user_pool_id": "us-west-2_xr4Vejjk2",
            "write_attributes": []
          },
          "sensitive_attributes": [],
          "dependencies": [
            "aws_cognito_user_pool.lanchonete_user_pool"
          ]
        }
      ]
    }
  ],
  "check_results": null
}
